
Microsoft Visual Studio Solution File, Format Version 12.00
# Visual Studio Version 17
VisualStudioVersion = 17.0.31903.59
MinimumVisualStudioVersion = 10.0.40219.1
Project("{2150E333-8FDC-42A3-9474-1A3956D46DE8}") = "src", "src", "{D3BE26B7-E44C-49DD-ACE1-67965B890237}"
EndProject
Project("{FAE04EC0-301F-11D3-BF4B-00C04F79EFBC}") = "Shopizy.Api", "src\Shopizy.Api\Shopizy.Api.csproj", "{E4DE07B1-4555-4B31-A256-7C794173D2B5}"
EndProject
Project("{FAE04EC0-301F-11D3-BF4B-00C04F79EFBC}") = "Shopizy.Application", "src\Shopizy.Application\Shopizy.Application.csproj", "{13DCE5F7-325C-4D57-BF3B-A60913BB6BD5}"
EndProject
Project("{FAE04EC0-301F-11D3-BF4B-00C04F79EFBC}") = "Shopizy.Contracts", "src\Shopizy.Contracts\Shopizy.Contracts.csproj", "{783B2635-3793-4A0E-A022-5DA3FBCDB914}"
EndProject
Project("{FAE04EC0-301F-11D3-BF4B-00C04F79EFBC}") = "Shopizy.Domain", "src\Shopizy.Domain\Shopizy.Domain.csproj", "{12C32E92-99FF-4459-BCFE-134A482C8770}"
EndProject
Project("{FAE04EC0-301F-11D3-BF4B-00C04F79EFBC}") = "Shopizy.Infrastructure", "src\Shopizy.Infrastructure\Shopizy.Infrastructure.csproj", "{4C8F9EC2-77E7-4FE2-AA15-23D5D026D740}"
EndProject
Project("{2150E333-8FDC-42A3-9474-1A3956D46DE8}") = "tests", "tests", "{0AB3BF05-4346-4AA6-1389-037BE0695223}"
EndProject
Project("{FAE04EC0-301F-11D3-BF4B-00C04F79EFBC}") = "Shopizy.Application.UnitTests", "tests\Shopizy.Application.UnitTests\Shopizy.Application.UnitTests.csproj", "{88467461-D626-4705-B4D8-2D38FEE3E95A}"
EndProject
Project("{FAE04EC0-301F-11D3-BF4B-00C04F79EFBC}") = "Shopizy.Domain.UnitTests", "tests\Shopizy.Domain.UnitTests\Shopizy.Domain.UnitTests.csproj", "{E905AAC6-B18B-449D-9009-18E8F9F7A280}"
EndProject
Project("{FAE04EC0-301F-11D3-BF4B-00C04F79EFBC}") = "Shopizy.Infrastructure.UnitTests", "tests\Shopizy.Infrastructure.UnitTests\Shopizy.Infrastructure.UnitTests.csproj", "{A239657D-F0AE-4A7F-8D3A-03EE5C70EB37}"
EndProject
Project("{FAE04EC0-301F-11D3-BF4B-00C04F79EFBC}") = "Shopizy.Api.IntegrationTests", "tests\Shopizy.Api.IntegrationTests\Shopizy.Api.IntegrationTests.csproj", "{4D9D2E32-C3DB-4DC2-886C-0A71EC3807D8}"
EndProject
Global
	GlobalSection(SolutionConfigurationPlatforms) = preSolution
		Debug|Any CPU = Debug|Any CPU
		Debug|x64 = Debug|x64
		Debug|x86 = Debug|x86
		Release|Any CPU = Release|Any CPU
		Release|x64 = Release|x64
		Release|x86 = Release|x86
	EndGlobalSection
	GlobalSection(ProjectConfigurationPlatforms) = postSolution
		{E4DE07B1-4555-4B31-A256-7C794173D2B5}.Debug|Any CPU.ActiveCfg = Debug|Any CPU
		{E4DE07B1-4555-4B31-A256-7C794173D2B5}.Debug|Any CPU.Build.0 = Debug|Any CPU
		{E4DE07B1-4555-4B31-A256-7C794173D2B5}.Debug|x64.ActiveCfg = Debug|Any CPU
		{E4DE07B1-4555-4B31-A256-7C794173D2B5}.Debug|x64.Build.0 = Debug|Any CPU
		{E4DE07B1-4555-4B31-A256-7C794173D2B5}.Debug|x86.ActiveCfg = Debug|Any CPU
		{E4DE07B1-4555-4B31-A256-7C794173D2B5}.Debug|x86.Build.0 = Debug|Any CPU
		{E4DE07B1-4555-4B31-A256-7C794173D2B5}.Release|Any CPU.ActiveCfg = Release|Any CPU
		{E4DE07B1-4555-4B31-A256-7C794173D2B5}.Release|Any CPU.Build.0 = Release|Any CPU
		{E4DE07B1-4555-4B31-A256-7C794173D2B5}.Release|x64.ActiveCfg = Release|Any CPU
		{E4DE07B1-4555-4B31-A256-7C794173D2B5}.Release|x64.Build.0 = Release|Any CPU
		{E4DE07B1-4555-4B31-A256-7C794173D2B5}.Release|x86.ActiveCfg = Release|Any CPU
		{E4DE07B1-4555-4B31-A256-7C794173D2B5}.Release|x86.Build.0 = Release|Any CPU
		{13DCE5F7-325C-4D57-BF3B-A60913BB6BD5}.Debug|Any CPU.ActiveCfg = Debug|Any CPU
		{13DCE5F7-325C-4D57-BF3B-A60913BB6BD5}.Debug|Any CPU.Build.0 = Debug|Any CPU
		{13DCE5F7-325C-4D57-BF3B-A60913BB6BD5}.Debug|x64.ActiveCfg = Debug|Any CPU
		{13DCE5F7-325C-4D57-BF3B-A60913BB6BD5}.Debug|x64.Build.0 = Debug|Any CPU
		{13DCE5F7-325C-4D57-BF3B-A60913BB6BD5}.Debug|x86.ActiveCfg = Debug|Any CPU
		{13DCE5F7-325C-4D57-BF3B-A60913BB6BD5}.Debug|x86.Build.0 = Debug|Any CPU
		{13DCE5F7-325C-4D57-BF3B-A60913BB6BD5}.Release|Any CPU.ActiveCfg = Release|Any CPU
		{13DCE5F7-325C-4D57-BF3B-A60913BB6BD5}.Release|Any CPU.Build.0 = Release|Any CPU
		{13DCE5F7-325C-4D57-BF3B-A60913BB6BD5}.Release|x64.ActiveCfg = Release|Any CPU
		{13DCE5F7-325C-4D57-BF3B-A60913BB6BD5}.Release|x64.Build.0 = Release|Any CPU
		{13DCE5F7-325C-4D57-BF3B-A60913BB6BD5}.Release|x86.ActiveCfg = Release|Any CPU
		{13DCE5F7-325C-4D57-BF3B-A60913BB6BD5}.Release|x86.Build.0 = Release|Any CPU
		{783B2635-3793-4A0E-A022-5DA3FBCDB914}.Debug|Any CPU.ActiveCfg = Debug|Any CPU
		{783B2635-3793-4A0E-A022-5DA3FBCDB914}.Debug|Any CPU.Build.0 = Debug|Any CPU
		{783B2635-3793-4A0E-A022-5DA3FBCDB914}.Debug|x64.ActiveCfg = Debug|Any CPU
		{783B2635-3793-4A0E-A022-5DA3FBCDB914}.Debug|x64.Build.0 = Debug|Any CPU
		{783B2635-3793-4A0E-A022-5DA3FBCDB914}.Debug|x86.ActiveCfg = Debug|Any CPU
		{783B2635-3793-4A0E-A022-5DA3FBCDB914}.Debug|x86.Build.0 = Debug|Any CPU
		{783B2635-3793-4A0E-A022-5DA3FBCDB914}.Release|Any CPU.ActiveCfg = Release|Any CPU
		{783B2635-3793-4A0E-A022-5DA3FBCDB914}.Release|Any CPU.Build.0 = Release|Any CPU
		{783B2635-3793-4A0E-A022-5DA3FBCDB914}.Release|x64.ActiveCfg = Release|Any CPU
		{783B2635-3793-4A0E-A022-5DA3FBCDB914}.Release|x64.Build.0 = Release|Any CPU
		{783B2635-3793-4A0E-A022-5DA3FBCDB914}.Release|x86.ActiveCfg = Release|Any CPU
		{783B2635-3793-4A0E-A022-5DA3FBCDB914}.Release|x86.Build.0 = Release|Any CPU
		{12C32E92-99FF-4459-BCFE-134A482C8770}.Debug|Any CPU.ActiveCfg = Debug|Any CPU
		{12C32E92-99FF-4459-BCFE-134A482C8770}.Debug|Any CPU.Build.0 = Debug|Any CPU
		{12C32E92-99FF-4459-BCFE-134A482C8770}.Debug|x64.ActiveCfg = Debug|Any CPU
		{12C32E92-99FF-4459-BCFE-134A482C8770}.Debug|x64.Build.0 = Debug|Any CPU
		{12C32E92-99FF-4459-BCFE-134A482C8770}.Debug|x86.ActiveCfg = Debug|Any CPU
		{12C32E92-99FF-4459-BCFE-134A482C8770}.Debug|x86.Build.0 = Debug|Any CPU
		{12C32E92-99FF-4459-BCFE-134A482C8770}.Release|Any CPU.ActiveCfg = Release|Any CPU
		{12C32E92-99FF-4459-BCFE-134A482C8770}.Release|Any CPU.Build.0 = Release|Any CPU
		{12C32E92-99FF-4459-BCFE-134A482C8770}.Release|x64.ActiveCfg = Release|Any CPU
		{12C32E92-99FF-4459-BCFE-134A482C8770}.Release|x64.Build.0 = Release|Any CPU
		{12C32E92-99FF-4459-BCFE-134A482C8770}.Release|x86.ActiveCfg = Release|Any CPU
		{12C32E92-99FF-4459-BCFE-134A482C8770}.Release|x86.Build.0 = Release|Any CPU
		{4C8F9EC2-77E7-4FE2-AA15-23D5D026D740}.Debug|Any CPU.ActiveCfg = Debug|Any CPU
		{4C8F9EC2-77E7-4FE2-AA15-23D5D026D740}.Debug|Any CPU.Build.0 = Debug|Any CPU
		{4C8F9EC2-77E7-4FE2-AA15-23D5D026D740}.Debug|x64.ActiveCfg = Debug|Any CPU
		{4C8F9EC2-77E7-4FE2-AA15-23D5D026D740}.Debug|x64.Build.0 = Debug|Any CPU
		{4C8F9EC2-77E7-4FE2-AA15-23D5D026D740}.Debug|x86.ActiveCfg = Debug|Any CPU
		{4C8F9EC2-77E7-4FE2-AA15-23D5D026D740}.Debug|x86.Build.0 = Debug|Any CPU
		{4C8F9EC2-77E7-4FE2-AA15-23D5D026D740}.Release|Any CPU.ActiveCfg = Release|Any CPU
		{4C8F9EC2-77E7-4FE2-AA15-23D5D026D740}.Release|Any CPU.Build.0 = Release|Any CPU
		{4C8F9EC2-77E7-4FE2-AA15-23D5D026D740}.Release|x64.ActiveCfg = Release|Any CPU
		{4C8F9EC2-77E7-4FE2-AA15-23D5D026D740}.Release|x64.Build.0 = Release|Any CPU
		{4C8F9EC2-77E7-4FE2-AA15-23D5D026D740}.Release|x86.ActiveCfg = Release|Any CPU
		{4C8F9EC2-77E7-4FE2-AA15-23D5D026D740}.Release|x86.Build.0 = Release|Any CPU
		{88467461-D626-4705-B4D8-2D38FEE3E95A}.Debug|Any CPU.ActiveCfg = Debug|Any CPU
		{88467461-D626-4705-B4D8-2D38FEE3E95A}.Debug|Any CPU.Build.0 = Debug|Any CPU
		{88467461-D626-4705-B4D8-2D38FEE3E95A}.Debug|x64.ActiveCfg = Debug|Any CPU
		{88467461-D626-4705-B4D8-2D38FEE3E95A}.Debug|x64.Build.0 = Debug|Any CPU
		{88467461-D626-4705-B4D8-2D38FEE3E95A}.Debug|x86.ActiveCfg = Debug|Any CPU
		{88467461-D626-4705-B4D8-2D38FEE3E95A}.Debug|x86.Build.0 = Debug|Any CPU
		{88467461-D626-4705-B4D8-2D38FEE3E95A}.Release|Any CPU.ActiveCfg = Release|Any CPU
		{88467461-D626-4705-B4D8-2D38FEE3E95A}.Release|Any CPU.Build.0 = Release|Any CPU
		{88467461-D626-4705-B4D8-2D38FEE3E95A}.Release|x64.ActiveCfg = Release|Any CPU
		{88467461-D626-4705-B4D8-2D38FEE3E95A}.Release|x64.Build.0 = Release|Any CPU
		{88467461-D626-4705-B4D8-2D38FEE3E95A}.Release|x86.ActiveCfg = Release|Any CPU
		{88467461-D626-4705-B4D8-2D38FEE3E95A}.Release|x86.Build.0 = Release|Any CPU
		{E905AAC6-B18B-449D-9009-18E8F9F7A280}.Debug|Any CPU.ActiveCfg = Debug|Any CPU
		{E905AAC6-B18B-449D-9009-18E8F9F7A280}.Debug|Any CPU.Build.0 = Debug|Any CPU
		{E905AAC6-B18B-449D-9009-18E8F9F7A280}.Debug|x64.ActiveCfg = Debug|Any CPU
		{E905AAC6-B18B-449D-9009-18E8F9F7A280}.Debug|x64.Build.0 = Debug|Any CPU
		{E905AAC6-B18B-449D-9009-18E8F9F7A280}.Debug|x86.ActiveCfg = Debug|Any CPU
		{E905AAC6-B18B-449D-9009-18E8F9F7A280}.Debug|x86.Build.0 = Debug|Any CPU
		{E905AAC6-B18B-449D-9009-18E8F9F7A280}.Release|Any CPU.ActiveCfg = Release|Any CPU
		{E905AAC6-B18B-449D-9009-18E8F9F7A280}.Release|Any CPU.Build.0 = Release|Any CPU
		{E905AAC6-B18B-449D-9009-18E8F9F7A280}.Release|x64.ActiveCfg = Release|Any CPU
		{E905AAC6-B18B-449D-9009-18E8F9F7A280}.Release|x64.Build.0 = Release|Any CPU
		{E905AAC6-B18B-449D-9009-18E8F9F7A280}.Release|x86.ActiveCfg = Release|Any CPU
		{E905AAC6-B18B-449D-9009-18E8F9F7A280}.Release|x86.Build.0 = Release|Any CPU
		{A239657D-F0AE-4A7F-8D3A-03EE5C70EB37}.Debug|Any CPU.ActiveCfg = Debug|Any CPU
		{A239657D-F0AE-4A7F-8D3A-03EE5C70EB37}.Debug|Any CPU.Build.0 = Debug|Any CPU
		{A239657D-F0AE-4A7F-8D3A-03EE5C70EB37}.Debug|x64.ActiveCfg = Debug|Any CPU
		{A239657D-F0AE-4A7F-8D3A-03EE5C70EB37}.Debug|x64.Build.0 = Debug|Any CPU
		{A239657D-F0AE-4A7F-8D3A-03EE5C70EB37}.Debug|x86.ActiveCfg = Debug|Any CPU
		{A239657D-F0AE-4A7F-8D3A-03EE5C70EB37}.Debug|x86.Build.0 = Debug|Any CPU
		{A239657D-F0AE-4A7F-8D3A-03EE5C70EB37}.Release|Any CPU.ActiveCfg = Release|Any CPU
		{A239657D-F0AE-4A7F-8D3A-03EE5C70EB37}.Release|Any CPU.Build.0 = Release|Any CPU
		{A239657D-F0AE-4A7F-8D3A-03EE5C70EB37}.Release|x64.ActiveCfg = Release|Any CPU
		{A239657D-F0AE-4A7F-8D3A-03EE5C70EB37}.Release|x64.Build.0 = Release|Any CPU
		{A239657D-F0AE-4A7F-8D3A-03EE5C70EB37}.Release|x86.ActiveCfg = Release|Any CPU
		{A239657D-F0AE-4A7F-8D3A-03EE5C70EB37}.Release|x86.Build.0 = Release|Any CPU
		{4D9D2E32-C3DB-4DC2-886C-0A71EC3807D8}.Debug|Any CPU.ActiveCfg = Debug|Any CPU
		{4D9D2E32-C3DB-4DC2-886C-0A71EC3807D8}.Debug|Any CPU.Build.0 = Debug|Any CPU
		{4D9D2E32-C3DB-4DC2-886C-0A71EC3807D8}.Debug|x64.ActiveCfg = Debug|Any CPU
		{4D9D2E32-C3DB-4DC2-886C-0A71EC3807D8}.Debug|x64.Build.0 = Debug|Any CPU
		{4D9D2E32-C3DB-4DC2-886C-0A71EC3807D8}.Debug|x86.ActiveCfg = Debug|Any CPU
		{4D9D2E32-C3DB-4DC2-886C-0A71EC3807D8}.Debug|x86.Build.0 = Debug|Any CPU
		{4D9D2E32-C3DB-4DC2-886C-0A71EC3807D8}.Release|Any CPU.ActiveCfg = Release|Any CPU
		{4D9D2E32-C3DB-4DC2-886C-0A71EC3807D8}.Release|Any CPU.Build.0 = Release|Any CPU
		{4D9D2E32-C3DB-4DC2-886C-0A71EC3807D8}.Release|x64.ActiveCfg = Release|Any CPU
		{4D9D2E32-C3DB-4DC2-886C-0A71EC3807D8}.Release|x64.Build.0 = Release|Any CPU
		{4D9D2E32-C3DB-4DC2-886C-0A71EC3807D8}.Release|x86.ActiveCfg = Release|Any CPU
		{4D9D2E32-C3DB-4DC2-886C-0A71EC3807D8}.Release|x86.Build.0 = Release|Any CPU
	EndGlobalSection
	GlobalSection(SolutionProperties) = preSolution
		HideSolutionNode = FALSE
	EndGlobalSection
	GlobalSection(NestedProjects) = preSolution
		{E4DE07B1-4555-4B31-A256-7C794173D2B5} = {D3BE26B7-E44C-49DD-ACE1-67965B890237}
		{13DCE5F7-325C-4D57-BF3B-A60913BB6BD5} = {D3BE26B7-E44C-49DD-ACE1-67965B890237}
		{783B2635-3793-4A0E-A022-5DA3FBCDB914} = {D3BE26B7-E44C-49DD-ACE1-67965B890237}
		{12C32E92-99FF-4459-BCFE-134A482C8770} = {D3BE26B7-E44C-49DD-ACE1-67965B890237}
		{4C8F9EC2-77E7-4FE2-AA15-23D5D026D740} = {D3BE26B7-E44C-49DD-ACE1-67965B890237}
		{88467461-D626-4705-B4D8-2D38FEE3E95A} = {0AB3BF05-4346-4AA6-1389-037BE0695223}
		{E905AAC6-B18B-449D-9009-18E8F9F7A280} = {0AB3BF05-4346-4AA6-1389-037BE0695223}
		{A239657D-F0AE-4A7F-8D3A-03EE5C70EB37} = {0AB3BF05-4346-4AA6-1389-037BE0695223}
		{4D9D2E32-C3DB-4DC2-886C-0A71EC3807D8} = {0AB3BF05-4346-4AA6-1389-037BE0695223}
	EndGlobalSection
EndGlobal
