
Microsoft Visual Studio Solution File, Format Version 12.00
# Visual Studio Version 17
VisualStudioVersion = 17.0.31903.59
MinimumVisualStudioVersion = 10.0.40219.1
Project("{2150E333-8FDC-42A3-9474-1A3956D46DE8}") = "src", "src", "{D3BE26B7-E44C-49DD-ACE1-67965B890237}"
EndProject
Project("{FAE04EC0-301F-11D3-BF4B-00C04F79EFBC}") = "Shopizy.Api", "src\Shopizy.Api\Shopizy.Api.csproj", "{E4DE07B1-4555-4B31-A256-7C794173D2B5}"
EndProject
Project("{FAE04EC0-301F-11D3-BF4B-00C04F79EFBC}") = "Shopizy.Application", "src\Shopizy.Application\Shopizy.Application.csproj", "{13DCE5F7-325C-4D57-BF3B-A60913BB6BD5}"
EndProject
Project("{FAE04EC0-301F-11D3-BF4B-00C04F79EFBC}") = "Shopizy.Contracts", "src\Shopizy.Contracts\Shopizy.Contracts.csproj", "{783B2635-3793-4A0E-A022-5DA3FBCDB914}"
EndProject
Project("{FAE04EC0-301F-11D3-BF4B-00C04F79EFBC}") = "Shopizy.Domain", "src\Shopizy.Domain\Shopizy.Domain.csproj", "{12C32E92-99FF-4459-BCFE-134A482C8770}"
EndProject
Project("{FAE04EC0-301F-11D3-BF4B-00C04F79EFBC}") = "Shopizy.Infrastructure", "src\Shopizy.Infrastructure\Shopizy.Infrastructure.csproj", "{4C8F9EC2-77E7-4FE2-AA15-23D5D026D740}"
EndProject
Project("{2150E333-8FDC-42A3-9474-1A3956D46DE8}") = "tests", "tests", "{090488A5-C81A-44DD-BAC1-0F8D0271AA60}"
EndProject
Project("{2150E333-8FDC-42A3-9474-1A3956D46DE8}") = "UnitTests", "UnitTests", "{72D70253-BA84-4A78-96B2-D020224F65D3}"
EndProject
Project("{FAE04EC0-301F-11D3-BF4B-00C04F79EFBC}") = "Shopizy.Application.UnitTests", "tests\UnitTests\Shopizy.Application.UnitTests\Shopizy.Application.UnitTests.csproj", "{D555DB23-6624-473B-978C-5E275AFF3434}"
EndProject
Project("{FAE04EC0-301F-11D3-BF4B-00C04F79EFBC}") = "Shopizy.Domain.UnitTests", "tests\UnitTests\Shopizy.Domain.UnitTests\Shopizy.Domain.UnitTests.csproj", "{0040EA11-D5CE-4E1E-8768-2D29299F229B}"
EndProject
Project("{FAE04EC0-301F-11D3-BF4B-00C04F79EFBC}") = "Shopizy.Infrastructure.UnitTests", "tests\UnitTests\Shopizy.Infrastructure.UnitTests\Shopizy.Infrastructure.UnitTests.csproj", "{31046120-A0A6-4638-AD1A-8FDE271AEF6A}"
EndProject
Global
	GlobalSection(SolutionConfigurationPlatforms) = preSolution
		Debug|Any CPU = Debug|Any CPU
		Release|Any CPU = Release|Any CPU
	EndGlobalSection
	GlobalSection(SolutionProperties) = preSolution
		HideSolutionNode = FALSE
	EndGlobalSection
	GlobalSection(ProjectConfigurationPlatforms) = postSolution
		{E4DE07B1-4555-4B31-A256-7C794173D2B5}.Debug|Any CPU.ActiveCfg = Debug|Any CPU
		{E4DE07B1-4555-4B31-A256-7C794173D2B5}.Debug|Any CPU.Build.0 = Debug|Any CPU
		{E4DE07B1-4555-4B31-A256-7C794173D2B5}.Release|Any CPU.ActiveCfg = Release|Any CPU
		{E4DE07B1-4555-4B31-A256-7C794173D2B5}.Release|Any CPU.Build.0 = Release|Any CPU
		{13DCE5F7-325C-4D57-BF3B-A60913BB6BD5}.Debug|Any CPU.ActiveCfg = Debug|Any CPU
		{13DCE5F7-325C-4D57-BF3B-A60913BB6BD5}.Debug|Any CPU.Build.0 = Debug|Any CPU
		{13DCE5F7-325C-4D57-BF3B-A60913BB6BD5}.Release|Any CPU.ActiveCfg = Release|Any CPU
		{13DCE5F7-325C-4D57-BF3B-A60913BB6BD5}.Release|Any CPU.Build.0 = Release|Any CPU
		{783B2635-3793-4A0E-A022-5DA3FBCDB914}.Debug|Any CPU.ActiveCfg = Debug|Any CPU
		{783B2635-3793-4A0E-A022-5DA3FBCDB914}.Debug|Any CPU.Build.0 = Debug|Any CPU
		{783B2635-3793-4A0E-A022-5DA3FBCDB914}.Release|Any CPU.ActiveCfg = Release|Any CPU
		{783B2635-3793-4A0E-A022-5DA3FBCDB914}.Release|Any CPU.Build.0 = Release|Any CPU
		{12C32E92-99FF-4459-BCFE-134A482C8770}.Debug|Any CPU.ActiveCfg = Debug|Any CPU
		{12C32E92-99FF-4459-BCFE-134A482C8770}.Debug|Any CPU.Build.0 = Debug|Any CPU
		{12C32E92-99FF-4459-BCFE-134A482C8770}.Release|Any CPU.ActiveCfg = Release|Any CPU
		{12C32E92-99FF-4459-BCFE-134A482C8770}.Release|Any CPU.Build.0 = Release|Any CPU
		{4C8F9EC2-77E7-4FE2-AA15-23D5D026D740}.Debug|Any CPU.ActiveCfg = Debug|Any CPU
		{4C8F9EC2-77E7-4FE2-AA15-23D5D026D740}.Debug|Any CPU.Build.0 = Debug|Any CPU
		{4C8F9EC2-77E7-4FE2-AA15-23D5D026D740}.Release|Any CPU.ActiveCfg = Release|Any CPU
		{4C8F9EC2-77E7-4FE2-AA15-23D5D026D740}.Release|Any CPU.Build.0 = Release|Any CPU
		{D555DB23-6624-473B-978C-5E275AFF3434}.Debug|Any CPU.ActiveCfg = Debug|Any CPU
		{D555DB23-6624-473B-978C-5E275AFF3434}.Debug|Any CPU.Build.0 = Debug|Any CPU
		{D555DB23-6624-473B-978C-5E275AFF3434}.Release|Any CPU.ActiveCfg = Release|Any CPU
		{D555DB23-6624-473B-978C-5E275AFF3434}.Release|Any CPU.Build.0 = Release|Any CPU
		{0040EA11-D5CE-4E1E-8768-2D29299F229B}.Debug|Any CPU.ActiveCfg = Debug|Any CPU
		{0040EA11-D5CE-4E1E-8768-2D29299F229B}.Debug|Any CPU.Build.0 = Debug|Any CPU
		{0040EA11-D5CE-4E1E-8768-2D29299F229B}.Release|Any CPU.ActiveCfg = Release|Any CPU
		{0040EA11-D5CE-4E1E-8768-2D29299F229B}.Release|Any CPU.Build.0 = Release|Any CPU
		{31046120-A0A6-4638-AD1A-8FDE271AEF6A}.Debug|Any CPU.ActiveCfg = Debug|Any CPU
		{31046120-A0A6-4638-AD1A-8FDE271AEF6A}.Debug|Any CPU.Build.0 = Debug|Any CPU
		{31046120-A0A6-4638-AD1A-8FDE271AEF6A}.Release|Any CPU.ActiveCfg = Release|Any CPU
		{31046120-A0A6-4638-AD1A-8FDE271AEF6A}.Release|Any CPU.Build.0 = Release|Any CPU
	EndGlobalSection
	GlobalSection(NestedProjects) = preSolution
		{E4DE07B1-4555-4B31-A256-7C794173D2B5} = {D3BE26B7-E44C-49DD-ACE1-67965B890237}
		{13DCE5F7-325C-4D57-BF3B-A60913BB6BD5} = {D3BE26B7-E44C-49DD-ACE1-67965B890237}
		{783B2635-3793-4A0E-A022-5DA3FBCDB914} = {D3BE26B7-E44C-49DD-ACE1-67965B890237}
		{12C32E92-99FF-4459-BCFE-134A482C8770} = {D3BE26B7-E44C-49DD-ACE1-67965B890237}
		{4C8F9EC2-77E7-4FE2-AA15-23D5D026D740} = {D3BE26B7-E44C-49DD-ACE1-67965B890237}
		{72D70253-BA84-4A78-96B2-D020224F65D3} = {090488A5-C81A-44DD-BAC1-0F8D0271AA60}
		{D555DB23-6624-473B-978C-5E275AFF3434} = {72D70253-BA84-4A78-96B2-D020224F65D3}
		{0040EA11-D5CE-4E1E-8768-2D29299F229B} = {72D70253-BA84-4A78-96B2-D020224F65D3}
		{31046120-A0A6-4638-AD1A-8FDE271AEF6A} = {72D70253-BA84-4A78-96B2-D020224F65D3}
	EndGlobalSection
EndGlobal
